
Microsoft Visual Studio Solution File, Format Version 12.00
# Visual Studio Version 17
VisualStudioVersion = 17.10.34928.147
MinimumVisualStudioVersion = 10.0.40219.1
Project("{FAE04EC0-301F-11D3-BF4B-00C04F79EFBC}") = "DateManagementMySQL", "DateManagementMySQL\DateManagementMySQL.csproj", "{9F631428-D5CD-4B46-BC13-4501BF031930}"
EndProject
Project("{FAE04EC0-301F-11D3-BF4B-00C04F79EFBC}") = "DateManagementMySQL.Core", "DateManagementMySQL.Core\DateManagementMySQL.Core.csproj", "{21A1F7E4-5B27-4AB7-9378-C1F9F7763E23}"
EndProject
Project("{FAE04EC0-301F-11D3-BF4B-00C04F79EFBC}") = "DateManagementMySQL.Infrastructure", "DateManagementMySQL.Infrastructure\DateManagementMySQL.Infrastructure.csproj", "{52502057-450E-4677-8E78-B1B72D682BF4}"
EndProject
Global
	GlobalSection(SolutionConfigurationPlatforms) = preSolution
		Debug|Any CPU = Debug|Any CPU
		Release|Any CPU = Release|Any CPU
	EndGlobalSection
	GlobalSection(ProjectConfigurationPlatforms) = postSolution
		{9F631428-D5CD-4B46-BC13-4501BF031930}.Debug|Any CPU.ActiveCfg = Debug|Any CPU
		{9F631428-D5CD-4B46-BC13-4501BF031930}.Debug|Any CPU.Build.0 = Debug|Any CPU
		{9F631428-D5CD-4B46-BC13-4501BF031930}.Release|Any CPU.ActiveCfg = Release|Any CPU
		{9F631428-D5CD-4B46-BC13-4501BF031930}.Release|Any CPU.Build.0 = Release|Any CPU
		{21A1F7E4-5B27-4AB7-9378-C1F9F7763E23}.Debug|Any CPU.ActiveCfg = Debug|Any CPU
		{21A1F7E4-5B27-4AB7-9378-C1F9F7763E23}.Debug|Any CPU.Build.0 = Debug|Any CPU
		{21A1F7E4-5B27-4AB7-9378-C1F9F7763E23}.Release|Any CPU.ActiveCfg = Release|Any CPU
		{21A1F7E4-5B27-4AB7-9378-C1F9F7763E23}.Release|Any CPU.Build.0 = Release|Any CPU
		{52502057-450E-4677-8E78-B1B72D682BF4}.Debug|Any CPU.ActiveCfg = Debug|Any CPU
		{52502057-450E-4677-8E78-B1B72D682BF4}.Debug|Any CPU.Build.0 = Debug|Any CPU
		{52502057-450E-4677-8E78-B1B72D682BF4}.Release|Any CPU.ActiveCfg = Release|Any CPU
		{52502057-450E-4677-8E78-B1B72D682BF4}.Release|Any CPU.Build.0 = Release|Any CPU
	EndGlobalSection
	GlobalSection(SolutionProperties) = preSolution
		HideSolutionNode = FALSE
	EndGlobalSection
	GlobalSection(ExtensibilityGlobals) = postSolution
		SolutionGuid = {891DF56D-C702-4D77-A670-97A72F50B252}
	EndGlobalSection
EndGlobal
